
Microsoft Visual Studio Solution File, Format Version 12.00
# Visual Studio 14
VisualStudioVersion = 14.0.25420.1
MinimumVisualStudioVersion = 10.0.40219.1
Project("{2150E333-8FDC-42A3-9474-1A3956D46DE8}") = "src", "src", "{38B73D5E-3184-46E4-B9C3-AACFFCB422C3}"
EndProject
Project("{2150E333-8FDC-42A3-9474-1A3956D46DE8}") = "Solution Items", "Solution Items", "{C6D95507-CB8A-447B-9812-43F540700614}"
	ProjectSection(SolutionItems) = preProject
		global.json = global.json
	EndProjectSection
EndProject
Project("{8BB2217D-0F2D-49D1-97BC-3654ED321F3B}") = "DioLive.GaStEn.Engine", "src\DioLive.GaStEn.Engine\DioLive.GaStEn.Engine.xproj", "{59D2A730-5319-4E95-A64A-1A92BEDD2D94}"
EndProject
Project("{8BB2217D-0F2D-49D1-97BC-3654ED321F3B}") = "DioLive.GaStEn.Engine.TicTacToe", "src\DioLive.GaStEn.Engine.TicTacToe\DioLive.GaStEn.Engine.TicTacToe.xproj", "{CADD4374-E61D-4094-97AE-CE35F3491AFF}"
EndProject
Project("{8BB2217D-0F2D-49D1-97BC-3654ED321F3B}") = "DioLive.GaStEn.Client.TicTacToe", "src\DioLive.GaStEn.Client.TicTacToe\DioLive.GaStEn.Client.TicTacToe.xproj", "{75811F2A-76DE-4863-A840-56A1EDC72AB6}"
EndProject
Project("{8BB2217D-0F2D-49D1-97BC-3654ED321F3B}") = "DioLive.GaStEn.Engine.Mastermind", "src\DioLive.GaStEn.Engine.Mastermind\DioLive.GaStEn.Engine.Mastermind.xproj", "{3F97209D-9E33-4E3B-926A-84C79FB5BBDE}"
EndProject
Project("{8BB2217D-0F2D-49D1-97BC-3654ED321F3B}") = "DioLive.GaStEn.Client.Mastermind", "src\DioLive.GaStEn.Client.Mastermind\DioLive.GaStEn.Client.Mastermind.xproj", "{50A47D0C-6A37-4476-97D5-EC9791DD0B26}"
EndProject
Project("{8BB2217D-0F2D-49D1-97BC-3654ED321F3B}") = "DioLive.GaStEn.Engine.Thing", "src\DioLive.GaStEn.Engine.Thing\DioLive.GaStEn.Engine.Thing.xproj", "{7ABF1088-F6BE-485D-A11D-32483E2758F9}"
EndProject
Global
	GlobalSection(SolutionConfigurationPlatforms) = preSolution
		Debug|Any CPU = Debug|Any CPU
		Release|Any CPU = Release|Any CPU
	EndGlobalSection
	GlobalSection(ProjectConfigurationPlatforms) = postSolution
		{59D2A730-5319-4E95-A64A-1A92BEDD2D94}.Debug|Any CPU.ActiveCfg = Debug|Any CPU
		{59D2A730-5319-4E95-A64A-1A92BEDD2D94}.Debug|Any CPU.Build.0 = Debug|Any CPU
		{59D2A730-5319-4E95-A64A-1A92BEDD2D94}.Release|Any CPU.ActiveCfg = Release|Any CPU
		{59D2A730-5319-4E95-A64A-1A92BEDD2D94}.Release|Any CPU.Build.0 = Release|Any CPU
		{CADD4374-E61D-4094-97AE-CE35F3491AFF}.Debug|Any CPU.ActiveCfg = Debug|Any CPU
		{CADD4374-E61D-4094-97AE-CE35F3491AFF}.Debug|Any CPU.Build.0 = Debug|Any CPU
		{CADD4374-E61D-4094-97AE-CE35F3491AFF}.Release|Any CPU.ActiveCfg = Release|Any CPU
		{CADD4374-E61D-4094-97AE-CE35F3491AFF}.Release|Any CPU.Build.0 = Release|Any CPU
		{75811F2A-76DE-4863-A840-56A1EDC72AB6}.Debug|Any CPU.ActiveCfg = Debug|Any CPU
		{75811F2A-76DE-4863-A840-56A1EDC72AB6}.Debug|Any CPU.Build.0 = Debug|Any CPU
		{75811F2A-76DE-4863-A840-56A1EDC72AB6}.Release|Any CPU.ActiveCfg = Release|Any CPU
		{75811F2A-76DE-4863-A840-56A1EDC72AB6}.Release|Any CPU.Build.0 = Release|Any CPU
		{3F97209D-9E33-4E3B-926A-84C79FB5BBDE}.Debug|Any CPU.ActiveCfg = Debug|Any CPU
		{3F97209D-9E33-4E3B-926A-84C79FB5BBDE}.Debug|Any CPU.Build.0 = Debug|Any CPU
		{3F97209D-9E33-4E3B-926A-84C79FB5BBDE}.Release|Any CPU.ActiveCfg = Release|Any CPU
		{3F97209D-9E33-4E3B-926A-84C79FB5BBDE}.Release|Any CPU.Build.0 = Release|Any CPU
		{50A47D0C-6A37-4476-97D5-EC9791DD0B26}.Debug|Any CPU.ActiveCfg = Debug|Any CPU
		{50A47D0C-6A37-4476-97D5-EC9791DD0B26}.Debug|Any CPU.Build.0 = Debug|Any CPU
		{50A47D0C-6A37-4476-97D5-EC9791DD0B26}.Release|Any CPU.ActiveCfg = Release|Any CPU
		{50A47D0C-6A37-4476-97D5-EC9791DD0B26}.Release|Any CPU.Build.0 = Release|Any CPU
		{7ABF1088-F6BE-485D-A11D-32483E2758F9}.Debug|Any CPU.ActiveCfg = Debug|Any CPU
		{7ABF1088-F6BE-485D-A11D-32483E2758F9}.Debug|Any CPU.Build.0 = Debug|Any CPU
		{7ABF1088-F6BE-485D-A11D-32483E2758F9}.Release|Any CPU.ActiveCfg = Release|Any CPU
		{7ABF1088-F6BE-485D-A11D-32483E2758F9}.Release|Any CPU.Build.0 = Release|Any CPU
	EndGlobalSection
	GlobalSection(SolutionProperties) = preSolution
		HideSolutionNode = FALSE
	EndGlobalSection
	GlobalSection(NestedProjects) = preSolution
		{59D2A730-5319-4E95-A64A-1A92BEDD2D94} = {38B73D5E-3184-46E4-B9C3-AACFFCB422C3}
		{CADD4374-E61D-4094-97AE-CE35F3491AFF} = {38B73D5E-3184-46E4-B9C3-AACFFCB422C3}
		{75811F2A-76DE-4863-A840-56A1EDC72AB6} = {38B73D5E-3184-46E4-B9C3-AACFFCB422C3}
		{3F97209D-9E33-4E3B-926A-84C79FB5BBDE} = {38B73D5E-3184-46E4-B9C3-AACFFCB422C3}
		{50A47D0C-6A37-4476-97D5-EC9791DD0B26} = {38B73D5E-3184-46E4-B9C3-AACFFCB422C3}
		{7ABF1088-F6BE-485D-A11D-32483E2758F9} = {38B73D5E-3184-46E4-B9C3-AACFFCB422C3}
	EndGlobalSection
EndGlobal
